
Microsoft Visual Studio Solution File, Format Version 12.00
# Visual Studio Version 17
VisualStudioVersion = 17.7.34031.279
MinimumVisualStudioVersion = 10.0.40219.1
Project("{FAE04EC0-301F-11D3-BF4B-00C04F79EFBC}") = "btap2", "btap2\btap2.csproj", "{29B7852D-6229-4C94-9477-D0B45169413A}"
EndProject
Global
	GlobalSection(SolutionConfigurationPlatforms) = preSolution
		Debug|Any CPU = Debug|Any CPU
		Release|Any CPU = Release|Any CPU
	EndGlobalSection
	GlobalSection(ProjectConfigurationPlatforms) = postSolution
		{29B7852D-6229-4C94-9477-D0B45169413A}.Debug|Any CPU.ActiveCfg = Debug|Any CPU
		{29B7852D-6229-4C94-9477-D0B45169413A}.Debug|Any CPU.Build.0 = Debug|Any CPU
		{29B7852D-6229-4C94-9477-D0B45169413A}.Release|Any CPU.ActiveCfg = Release|Any CPU
		{29B7852D-6229-4C94-9477-D0B45169413A}.Release|Any CPU.Build.0 = Release|Any CPU
	EndGlobalSection
	GlobalSection(SolutionProperties) = preSolution
		HideSolutionNode = FALSE
	EndGlobalSection
	GlobalSection(ExtensibilityGlobals) = postSolution
		SolutionGuid = {132807EA-A9C3-4F3C-8CE9-B10C38EDEE31}
	EndGlobalSection
EndGlobal
