
Microsoft Visual Studio Solution File, Format Version 12.00
# Visual Studio Version 17
VisualStudioVersion = 17.7.34031.279
MinimumVisualStudioVersion = 10.0.40219.1
Project("{FAE04EC0-301F-11D3-BF4B-00C04F79EFBC}") = "BTAP1", "BTAP1\BTAP1.csproj", "{FDDE4C6C-5448-4E31-815E-5FAD0D4B66A5}"
EndProject
Global
	GlobalSection(SolutionConfigurationPlatforms) = preSolution
		Debug|Any CPU = Debug|Any CPU
		Release|Any CPU = Release|Any CPU
	EndGlobalSection
	GlobalSection(ProjectConfigurationPlatforms) = postSolution
		{FDDE4C6C-5448-4E31-815E-5FAD0D4B66A5}.Debug|Any CPU.ActiveCfg = Debug|Any CPU
		{FDDE4C6C-5448-4E31-815E-5FAD0D4B66A5}.Debug|Any CPU.Build.0 = Debug|Any CPU
		{FDDE4C6C-5448-4E31-815E-5FAD0D4B66A5}.Release|Any CPU.ActiveCfg = Release|Any CPU
		{FDDE4C6C-5448-4E31-815E-5FAD0D4B66A5}.Release|Any CPU.Build.0 = Release|Any CPU
	EndGlobalSection
	GlobalSection(SolutionProperties) = preSolution
		HideSolutionNode = FALSE
	EndGlobalSection
	GlobalSection(ExtensibilityGlobals) = postSolution
		SolutionGuid = {9058B42B-D499-4043-98D8-4C0A39C41557}
	EndGlobalSection
EndGlobal
